
Microsoft Visual Studio Solution File, Format Version 12.00
# Visual Studio Version 17
VisualStudioVersion = 17.10.35004.147
MinimumVisualStudioVersion = 10.0.40219.1
Project("{8BC9CEB8-8B4A-11D0-8D11-00A0C91BC942}") = "CPP_bangcuuchuong", "CPP_bangcuuchuong.vcxproj", "{38FF2F5A-5A87-4317-85B4-808BBC3CD370}"
EndProject
Global
	GlobalSection(SolutionConfigurationPlatforms) = preSolution
		Debug|x64 = Debug|x64
		Debug|x86 = Debug|x86
		Release|x64 = Release|x64
		Release|x86 = Release|x86
	EndGlobalSection
	GlobalSection(ProjectConfigurationPlatforms) = postSolution
		{38FF2F5A-5A87-4317-85B4-808BBC3CD370}.Debug|x64.ActiveCfg = Debug|x64
		{38FF2F5A-5A87-4317-85B4-808BBC3CD370}.Debug|x64.Build.0 = Debug|x64
		{38FF2F5A-5A87-4317-85B4-808BBC3CD370}.Debug|x86.ActiveCfg = Debug|Win32
		{38FF2F5A-5A87-4317-85B4-808BBC3CD370}.Debug|x86.Build.0 = Debug|Win32
		{38FF2F5A-5A87-4317-85B4-808BBC3CD370}.Release|x64.ActiveCfg = Release|x64
		{38FF2F5A-5A87-4317-85B4-808BBC3CD370}.Release|x64.Build.0 = Release|x64
		{38FF2F5A-5A87-4317-85B4-808BBC3CD370}.Release|x86.ActiveCfg = Release|Win32
		{38FF2F5A-5A87-4317-85B4-808BBC3CD370}.Release|x86.Build.0 = Release|Win32
	EndGlobalSection
	GlobalSection(SolutionProperties) = preSolution
		HideSolutionNode = FALSE
	EndGlobalSection
	GlobalSection(ExtensibilityGlobals) = postSolution
		SolutionGuid = {4396F6CB-C43E-4F11-B462-D5B67AF54D67}
	EndGlobalSection
EndGlobal
